
Microsoft Visual Studio Solution File, Format Version 12.00
# Visual Studio Version 16
VisualStudioVersion = 16.0.31729.503
MinimumVisualStudioVersion = 10.0.40219.1
Project("{8BC9CEB8-8B4A-11D0-8D11-00A0C91BC942}") = "FosterMarissaCIS1202Assignment15b", "FosterMarissaCIS1202Assignment15b.vcxproj", "{007A47F7-5A79-4ECB-B74B-6747B84A3084}"
EndProject
Global
	GlobalSection(SolutionConfigurationPlatforms) = preSolution
		Debug|x64 = Debug|x64
		Debug|x86 = Debug|x86
		Release|x64 = Release|x64
		Release|x86 = Release|x86
	EndGlobalSection
	GlobalSection(ProjectConfigurationPlatforms) = postSolution
		{007A47F7-5A79-4ECB-B74B-6747B84A3084}.Debug|x64.ActiveCfg = Debug|x64
		{007A47F7-5A79-4ECB-B74B-6747B84A3084}.Debug|x64.Build.0 = Debug|x64
		{007A47F7-5A79-4ECB-B74B-6747B84A3084}.Debug|x86.ActiveCfg = Debug|Win32
		{007A47F7-5A79-4ECB-B74B-6747B84A3084}.Debug|x86.Build.0 = Debug|Win32
		{007A47F7-5A79-4ECB-B74B-6747B84A3084}.Release|x64.ActiveCfg = Release|x64
		{007A47F7-5A79-4ECB-B74B-6747B84A3084}.Release|x64.Build.0 = Release|x64
		{007A47F7-5A79-4ECB-B74B-6747B84A3084}.Release|x86.ActiveCfg = Release|Win32
		{007A47F7-5A79-4ECB-B74B-6747B84A3084}.Release|x86.Build.0 = Release|Win32
	EndGlobalSection
	GlobalSection(SolutionProperties) = preSolution
		HideSolutionNode = FALSE
	EndGlobalSection
	GlobalSection(ExtensibilityGlobals) = postSolution
		SolutionGuid = {23AFE083-C38E-4396-8CB3-0D12DF971259}
	EndGlobalSection
EndGlobal
